
Microsoft Visual Studio Solution File, Format Version 12.00
# Visual Studio Version 17
VisualStudioVersion = 17.5.002.0
MinimumVisualStudioVersion = 10.0.40219.1
Project("{9A19103F-16F7-4668-BE54-9A1E7A4F7556}") = "Parcial_II_Diego_Mejía", "Parcial_II_Diego_Mejía.csproj", "{8D86361B-F141-4966-8D48-9F9353A124F4}"
EndProject
Global
	GlobalSection(SolutionConfigurationPlatforms) = preSolution
		Debug|Any CPU = Debug|Any CPU
		Release|Any CPU = Release|Any CPU
	EndGlobalSection
	GlobalSection(ProjectConfigurationPlatforms) = postSolution
		{8D86361B-F141-4966-8D48-9F9353A124F4}.Debug|Any CPU.ActiveCfg = Debug|Any CPU
		{8D86361B-F141-4966-8D48-9F9353A124F4}.Debug|Any CPU.Build.0 = Debug|Any CPU
		{8D86361B-F141-4966-8D48-9F9353A124F4}.Release|Any CPU.ActiveCfg = Release|Any CPU
		{8D86361B-F141-4966-8D48-9F9353A124F4}.Release|Any CPU.Build.0 = Release|Any CPU
	EndGlobalSection
	GlobalSection(SolutionProperties) = preSolution
		HideSolutionNode = FALSE
	EndGlobalSection
	GlobalSection(ExtensibilityGlobals) = postSolution
		SolutionGuid = {A2B8E595-BF4E-4EF8-84E9-5D0073BA7448}
	EndGlobalSection
EndGlobal
